// !$*UTF8*$!
{
	archiveVersion = 1;
	classes = {
	};
	objectVersion = 50;
	objects = {

/* Begin PBXBuildFile section */
		081F22EE221EDA760059A450 /* AppDelegate.swift in Sources */ = {isa = PBXBuildFile; fileRef = 081F22ED221EDA760059A450 /* AppDelegate.swift */; };
		081F22F0221EDA760059A450 /* ViewController.swift in Sources */ = {isa = PBXBuildFile; fileRef = 081F22EF221EDA760059A450 /* ViewController.swift */; };
		081F22F3221EDA760059A450 /* Main.storyboard in Resources */ = {isa = PBXBuildFile; fileRef = 081F22F1221EDA760059A450 /* Main.storyboard */; };
		081F22F5221EDA770059A450 /* Assets.xcassets in Resources */ = {isa = PBXBuildFile; fileRef = 081F22F4221EDA770059A450 /* Assets.xcassets */; };
		081F22F8221EDA770059A450 /* LaunchScreen.storyboard in Resources */ = {isa = PBXBuildFile; fileRef = 081F22F6221EDA770059A450 /* LaunchScreen.storyboard */; };
		081F2300221EDAC30059A450 /* Cell.swift in Sources */ = {isa = PBXBuildFile; fileRef = 081F22FF221EDAC30059A450 /* Cell.swift */; };
/* End PBXBuildFile section */

/* Begin PBXFileReference section */
		081F22EA221EDA760059A450 /* UISwitchBug.app */ = {isa = PBXFileReference; explicitFileType = wrapper.application; includeInIndex = 0; path = UISwitchBug.app; sourceTree = BUILT_PRODUCTS_DIR; };
		081F22ED221EDA760059A450 /* AppDelegate.swift */ = {isa = PBXFileReference; lastKnownFileType = sourcecode.swift; path = AppDelegate.swift; sourceTree = "<group>"; };
		081F22EF221EDA760059A450 /* ViewController.swift */ = {isa = PBXFileReference; lastKnownFileType = sourcecode.swift; path = ViewController.swift; sourceTree = "<group>"; };
		081F22F2221EDA760059A450 /* Base */ = {isa = PBXFileReference; lastKnownFileType = file.storyboard; name = Base; path = Base.lproj/Main.storyboard; sourceTree = "<group>"; };
		081F22F4221EDA770059A450 /* Assets.xcassets */ = {isa = PBXFileReference; lastKnownFileType = folder.assetcatalog; path = Assets.xcassets; sourceTree = "<group>"; };
		081F22F7221EDA770059A450 /* Base */ = {isa = PBXFileReference; lastKnownFileType = file.storyboard; name = Base; path = Base.lproj/LaunchScreen.storyboard; sourceTree = "<group>"; };
		081F22F9221EDA770059A450 /* Info.plist */ = {isa = PBXFileReference; lastKnownFileType = text.plist.xml; path = Info.plist; sourceTree = "<group>"; };
		081F22FF221EDAC30059A450 /* Cell.swift */ = {isa = PBXFileReference; lastKnownFileType = sourcecode.swift; path = Cell.swift; sourceTree = "<group>"; };
/* End PBXFileReference section */

/* Begin PBXFrameworksBuildPhase section */
		081F22E7221EDA760059A450 /* Frameworks */ = {
			isa = PBXFrameworksBuildPhase;
			buildActionMask = 2147483647;
			files = (
			);
			runOnlyForDeploymentPostprocessing = 0;
		};
/* End PBXFrameworksBuildPhase section */

/* Begin PBXGroup section */
		081F22E1221EDA760059A450 = {
			isa = PBXGroup;
			children = (
				081F22EC221EDA760059A450 /* UISwitchBug */,
				081F22EB221EDA760059A450 /* Products */,
			);
			sourceTree = "<group>";
		};
		081F22EB221EDA760059A450 /* Products */ = {
			isa = PBXGroup;
			children = (
				081F22EA221EDA760059A450 /* UISwitchBug.app */,
			);
			name = Products;
			sourceTree = "<group>";
		};
		081F22EC221EDA760059A450 /* UISwitchBug */ = {
			isa = PBXGroup;
			children = (
				081F22FF221EDAC30059A450 /* Cell.swift */,
				081F22ED221EDA760059A450 /* AppDelegate.swift */,
				081F22EF221EDA760059A450 /* ViewController.swift */,
				081F22F1221EDA760059A450 /* Main.storyboard */,
				081F22F4221EDA770059A450 /* Assets.xcassets */,
				081F22F6221EDA770059A450 /* LaunchScreen.storyboard */,
				081F22F9221EDA770059A450 /* Info.plist */,
			);
			path = UISwitchBug;
			sourceTree = "<group>";
		};
/* End PBXGroup section */

/* Begin PBXNativeTarget section */
		081F22E9221EDA760059A450 /* UISwitchBug */ = {
			isa = PBXNativeTarget;
			buildConfigurationList = 081F22FC221EDA770059A450 /* Build configuration list for PBXNativeTarget "UISwitchBug" */;
			buildPhases = (
				081F22E6221EDA760059A450 /* Sources */,
				081F22E7221EDA760059A450 /* Frameworks */,
				081F22E8221EDA760059A450 /* Resources */,
			);
			buildRules = (
			);
			dependencies = (
			);
			name = UISwitchBug;
			productName = UISwitchBug;
			productReference = 081F22EA221EDA760059A450 /* UISwitchBug.app */;
			productType = "com.apple.product-type.application";
		};
/* End PBXNativeTarget section */

/* Begin PBXProject section */
		081F22E2221EDA760059A450 /* Project object */ = {
			isa = PBXProject;
			attributes = {
				LastSwiftUpdateCheck = 1010;
				LastUpgradeCheck = 1010;
				TargetAttributes = {
					081F22E9221EDA760059A450 = {
						CreatedOnToolsVersion = 10.1;
					};
				};
			};
			buildConfigurationList = 081F22E5221EDA760059A450 /* Build configuration list for PBXProject "UISwitchBug" */;
			compatibilityVersion = "Xcode 9.3";
			developmentRegion = en;
			hasScannedForEncodings = 0;
			knownRegions = (
				en,
				Base,
			);
			mainGroup = 081F22E1221EDA760059A450;
			productRefGroup = 081F22EB221EDA760059A450 /* Products */;
			projectDirPath = "";
			projectRoot = "";
			targets = (
				081F22E9221EDA760059A450 /* UISwitchBug */,
			);
		};
/* End PBXProject section */

/* Begin PBXResourcesBuildPhase section */
		081F22E8221EDA760059A450 /* Resources */ = {
			isa = PBXResourcesBuildPhase;
			buildActionMask = 2147483647;
			files = (
				081F22F8221EDA770059A450 /* LaunchScreen.storyboard in Resources */,
				081F22F5221EDA770059A450 /* Assets.xcassets in Resources */,
				081F22F3221EDA760059A450 /* Main.storyboard in Resources */,
			);
			runOnlyForDeploymentPostprocessing = 0;
		};
/* End PBXResourcesBuildPhase section */

/* Begin PBXSourcesBuildPhase section */
		081F22E6221EDA760059A450 /* Sources */ = {
			isa = PBXSourcesBuildPhase;
			buildActionMask = 2147483647;
			files = (
				081F22F0221EDA760059A450 /* ViewController.swift in Sources */,
				081F22EE221EDA760059A450 /* AppDelegate.swift in Sources */,
				081F2300221EDAC30059A450 /* Cell.swift in Sources */,
			);
			runOnlyForDeploymentPostprocessing = 0;
		};
/* End PBXSourcesBuildPhase section */

/* Begin PBXVariantGroup section */
		081F22F1221EDA760059A450 /* Main.storyboard */ = {
			isa = PBXVariantGroup;
			children = (
				081F22F2221EDA760059A450 /* Base */,
			);
			name = Main.storyboard;
			sourceTree = "<group>";
		};
		081F22F6221EDA770059A450 /* LaunchScreen.storyboard */ = {
			isa = PBXVariantGroup;
			children = (
				081F22F7221EDA770059A450 /* Base */,
			);
			name = LaunchScreen.storyboard;
			sourceTree = "<group>";
		};
/* End PBXVariantGroup section */

/* Begin XCBuildConfiguration section */
		081F22FA221EDA770059A450 /* Debug */ = {
			isa = XCBuildConfiguration;
			buildSettings = {
				ALWAYS_SEARCH_USER_PATHS = NO;
				CLANG_ANALYZER_NONNULL = YES;
				CLANG_ANALYZER_NUMBER_OBJECT_CONVERSION = YES_AGGRESSIVE;
				CLANG_CXX_LANGUAGE_STANDARD = "gnu++14";
				CLANG_CXX_LIBRARY = "libc++";
				CLANG_ENABLE_MODULES = YES;
				CLANG_ENABLE_OBJC_ARC = YES;
				CLANG_ENABLE_OBJC_WEAK = YES;
				CLANG_WARN_BLOCK_CAPTURE_AUTORELEASING = YES;
				CLANG_WARN_BOOL_CONVERSION = YES;
				CLANG_WARN_COMMA = YES;
				CLANG_WARN_CONSTANT_CONVERSION = YES;
				CLANG_WARN_DEPRECATED_OBJC_IMPLEMENTATIONS = YES;
				CLANG_WARN_DIRECT_OBJC_ISA_USAGE = YES_ERROR;
				CLANG_WARN_DOCUMENTATION_COMMENTS = YES;
				CLANG_WARN_EMPTY_BODY = YES;
				CLANG_WARN_ENUM_CONVERSION = YES;
				CLANG_WARN_INFINITE_RECURSION = YES;
				CLANG_WARN_INT_CONVERSION = YES;
				CLANG_WARN_NON_LITERAL_NULL_CONVERSION = YES;
				CLANG_WARN_OBJC_IMPLICIT_RETAIN_SELF = YES;
				CLANG_WARN_OBJC_LITERAL_CONVERSION = YES;
				CLANG_WARN_OBJC_ROOT_CLASS = YES_ERROR;
				CLANG_WARN_RANGE_LOOP_ANALYSIS = YES;
				CLANG_WARN_STRICT_PROTOTYPES = YES;
				CLANG_WARN_SUSPICIOUS_MOVE = YES;
				CLANG_WARN_UNGUARDED_AVAILABILITY = YES_AGGRESSIVE;
				CLANG_WARN_UNREACHABLE_CODE = YES;
				CLANG_WARN__DUPLICATE_METHOD_MATCH = YES;
				CODE_SIGN_IDENTITY = "iPhone Developer";
				COPY_PHASE_STRIP = NO;
				DEBUG_INFORMATION_FORMAT = dwarf;
				ENABLE_STRICT_OBJC_MSGSEND = YES;
				ENABLE_TESTABILITY = YES;
				GCC_C_LANGUAGE_STANDARD = gnu11;
				GCC_DYNAMIC_NO_PIC = NO;
				GCC_NO_COMMON_BLOCKS = YES;
				GCC_OPTIMIZATION_LEVEL = 0;
				GCC_PREPROCESSOR_DEFINITIONS = (
					"DEBUG=1",
					"$(inherited)",
				);
				GCC_WARN_64_TO_32_BIT_CONVERSION = YES;
				GCC_WARN_ABOUT_RETURN_TYPE = YES_ERROR;
				GCC_WARN_UNDECLARED_SELECTOR = YES;
				GCC_WARN_UNINITIALIZED_AUTOS = YES_AGGRESSIVE;
				GCC_WARN_UNUSED_FUNCTION = YES;
				GCC_WARN_UNUSED_VARIABLE = YES;
				IPHONEOS_DEPLOYMENT_TARGET = 12.1;
				MTL_ENABLE_DEBUG_INFO = INCLUDE_SOURCE;
				MTL_FAST_MATH = YES;
				ONLY_ACTIVE_ARCH = YES;
				SDKROOT = iphoneos;
				SWIFT_ACTIVE_COMPILATION_CONDITIONS = DEBUG;
				SWIFT_OPTIMIZATION_LEVEL = "-Onone";
			};
			name = Debug;
		};
		081F22FB221EDA770059A450 /* Release */ = {
			isa = XCBuildConfiguration;
			buildSettings = {
				ALWAYS_SEARCH_USER_PATHS = NO;
				CLANG_ANALYZER_NONNULL = YES;
				CLANG_ANALYZER_NUMBER_OBJECT_CONVERSION = YES_AGGRESSIVE;
				CLANG_CXX_LANGUAGE_STANDARD = "gnu++14";
				CLANG_CXX_LIBRARY = "libc++";
				CLANG_ENABLE_MODULES = YES;
				CLANG_ENABLE_OBJC_ARC = YES;
				CLANG_ENABLE_OBJC_WEAK = YES;
				CLANG_WARN_BLOCK_CAPTURE_AUTORELEASING = YES;
				CLANG_WARN_BOOL_CONVERSION = YES;
				CLANG_WARN_COMMA = YES;
				CLANG_WARN_CONSTANT_CONVERSION = YES;
				CLANG_WARN_DEPRECATED_OBJC_IMPLEMENTATIONS = YES;
				CLANG_WARN_DIRECT_OBJC_ISA_USAGE = YES_ERROR;
				CLANG_WARN_DOCUMENTATION_COMMENTS = YES;
				CLANG_WARN_EMPTY_BODY = YES;
				CLANG_WARN_ENUM_CONVERSION = YES;
				CLANG_WARN_INFINITE_RECURSION = YES;
				CLANG_WARN_INT_CONVERSION = YES;
				CLANG_WARN_NON_LITERAL_NULL_CONVERSION = YES;
				CLANG_WARN_OBJC_IMPLICIT_RETAIN_SELF = YES;
				CLANG_WARN_OBJC_LITERAL_CONVERSION = YES;
				CLANG_WARN_OBJC_ROOT_CLASS = YES_ERROR;
				CLANG_WARN_RANGE_LOOP_ANALYSIS = YES;
				CLANG_WARN_STRICT_PROTOTYPES = YES;
				CLANG_WARN_SUSPICIOUS_MOVE = YES;
				CLANG_WARN_UNGUARDED_AVAILABILITY = YES_AGGRESSIVE;
				CLANG_WARN_UNREACHABLE_CODE = YES;
				CLANG_WARN__DUPLICATE_METHOD_MATCH = YES;
				CODE_SIGN_IDENTITY = "iPhone Developer";
				COPY_PHASE_STRIP = NO;
				DEBUG_INFORMATION_FORMAT = "dwarf-with-dsym";
				ENABLE_NS_ASSERTIONS = NO;
				ENABLE_STRICT_OBJC_MSGSEND = YES;
				GCC_C_LANGUAGE_STANDARD = gnu11;
				GCC_NO_COMMON_BLOCKS = YES;
				GCC_WARN_64_TO_32_BIT_CONVERSION = YES;
				GCC_WARN_ABOUT_RETURN_TYPE = YES_ERROR;
				GCC_WARN_UNDECLARED_SELECTOR = YES;
				GCC_WARN_UNINITIALIZED_AUTOS = YES_AGGRESSIVE;
				GCC_WARN_UNUSED_FUNCTION = YES;
				GCC_WARN_UNUSED_VARIABLE = YES;
				IPHONEOS_DEPLOYMENT_TARGET = 12.1;
				MTL_ENABLE_DEBUG_INFO = NO;
				MTL_FAST_MATH = YES;
				SDKROOT = iphoneos;
				SWIFT_COMPILATION_MODE = wholemodule;
				SWIFT_OPTIMIZATION_LEVEL = "-O";
				VALIDATE_PRODUCT = YES;
			};
			name = Release;
		};
		081F22FD221EDA770059A450 /* Debug */ = {
			isa = XCBuildConfiguration;
			buildSettings = {
				ASSETCATALOG_COMPILER_APPICON_NAME = AppIcon;
				CODE_SIGN_STYLE = Automatic;
				DEVELOPMENT_TEAM = "";
				INFOPLIST_FILE = UISwitchBug/Info.plist;
				LD_RUNPATH_SEARCH_PATHS = (
					"$(inherited)",
					"@executable_path/Frameworks",
				);
				PRODUCT_BUNDLE_IDENTIFIER = com.lukas2.UISwitchBug;
				PRODUCT_NAME = "$(TARGET_NAME)";
				SWIFT_VERSION = 4.2;
				TARGETED_DEVICE_FAMILY = "1,2";
			};
			name = Debug;
		};
		081F22FE221EDA770059A450 /* Release */ = {
			isa = XCBuildConfiguration;
			buildSettings = {
				ASSETCATALOG_COMPILER_APPICON_NAME = AppIcon;
				CODE_SIGN_STYLE = Automatic;
				DEVELOPMENT_TEAM = "";
				INFOPLIST_FILE = UISwitchBug/Info.plist;
				LD_RUNPATH_SEARCH_PATHS = (
					"$(inherited)",
					"@executable_path/Frameworks",
				);
				PRODUCT_BUNDLE_IDENTIFIER = com.lukas2.UISwitchBug;
				PRODUCT_NAME = "$(TARGET_NAME)";
				SWIFT_VERSION = 4.2;
				TARGETED_DEVICE_FAMILY = "1,2";
			};
			name = Release;
		};
/* End XCBuildConfiguration section */

/* Begin XCConfigurationList section */
		081F22E5221EDA760059A450 /* Build configuration list for PBXProject "UISwitchBug" */ = {
			isa = XCConfigurationList;
			buildConfigurations = (
				081F22FA221EDA770059A450 /* Debug */,
				081F22FB221EDA770059A450 /* Release */,
			);
			defaultConfigurationIsVisible = 0;
			defaultConfigurationName = Release;
		};
		081F22FC221EDA770059A450 /* Build configuration list for PBXNativeTarget "UISwitchBug" */ = {
			isa = XCConfigurationList;
			buildConfigurations = (
				081F22FD221EDA770059A450 /* Debug */,
				081F22FE221EDA770059A450 /* Release */,
			);
			defaultConfigurationIsVisible = 0;
			defaultConfigurationName = Release;
		};
/* End XCConfigurationList section */
	};
	rootObject = 081F22E2221EDA760059A450 /* Project object */;
}
